
Microsoft Visual Studio Solution File, Format Version 12.00
# Visual Studio Version 16
VisualStudioVersion = 16.0.30011.22
MinimumVisualStudioVersion = 10.0.40219.1
Project("{FAE04EC0-301F-11D3-BF4B-00C04F79EFBC}") = "1.1 - FrameReaderCameraEx", "Examples\FrameReaderCameraEx\1.1 - FrameReaderCameraEx.csproj", "{344FE3EA-0019-4C53-BB7C-077DCCB4DA8A}"
EndProject
Project("{2150E333-8FDC-42A3-9474-1A3956D46DE8}") = "Lib", "Lib", "{F88AB898-B669-4926-8BEA-4E7E36A97AB1}"
	ProjectSection(SolutionItems) = preProject
		Lib\Annotations.cs = Lib\Annotations.cs
		Lib\Application.cs = Lib\Application.cs
		Lib\Cameras.cs = Lib\Cameras.cs
		Lib\Collisions.cs = Lib\Collisions.cs
		Lib\ImageConversion.cs = Lib\ImageConversion.cs
		Lib\UdpCameras.cs = Lib\UdpCameras.cs
		Lib\UdpSockets.cs = Lib\UdpSockets.cs
	EndProjectSection
EndProject
Project("{FAE04EC0-301F-11D3-BF4B-00C04F79EFBC}") = "1.2 - PreviewCameraEx", "Examples\PreviewCameraEx\1.2 - PreviewCameraEx.csproj", "{546179A2-CC02-4351-898E-8EB2BC01BF6B}"
EndProject
Project("{FAE04EC0-301F-11D3-BF4B-00C04F79EFBC}") = "4 - SocketConnection", "Examples\SocketConnection\4 - SocketConnection.csproj", "{D4A27B90-1B60-4290-A3D2-7EBED4C83785}"
EndProject
Project("{FAE04EC0-301F-11D3-BF4B-00C04F79EFBC}") = "5.2 - UdpVideoStream", "Examples\UdpVideoStream\5.2 - UdpVideoStream.csproj", "{A582AAE4-B54B-4F8F-B6FB-9CB03B0295A0}"
EndProject
Project("{FAE04EC0-301F-11D3-BF4B-00C04F79EFBC}") = "5.1 - UdpDataSegmentation", "Examples\UdpDataSegmentation\5.1 - UdpDataSegmentation.csproj", "{6E936508-66A3-48A8-924F-236D50CF1FFB}"
EndProject
Project("{FAE04EC0-301F-11D3-BF4B-00C04F79EFBC}") = "2 - BasicDisplay", "Examples\BasicDisplay\2 - BasicDisplay.csproj", "{C4F1C87F-9D46-4192-9388-A4365F01F457}"
EndProject
Project("{FAE04EC0-301F-11D3-BF4B-00C04F79EFBC}") = "3.1 - RayHitTestEx", "Examples\RayHitTestEx\3.1 - RayHitTestEx.csproj", "{F392F1D2-97F7-4858-8C27-08DDF6C652FD}"
EndProject
Project("{FAE04EC0-301F-11D3-BF4B-00C04F79EFBC}") = "3.2 - IntegratedRayHitTest", "Examples\IntegratedRayHitTest\3.2 - IntegratedRayHitTest.csproj", "{8EBCAEE8-174B-4368-A4FC-600D4F30DE58}"
EndProject
Project("{FAE04EC0-301F-11D3-BF4B-00C04F79EFBC}") = "6 - UdpDisplay", "Examples\UdpDisplay\6 - UdpDisplay.csproj", "{12A289B6-E3B3-4D8F-9A07-BD23AD556E0F}"
EndProject
Project("{FAE04EC0-301F-11D3-BF4B-00C04F79EFBC}") = "7 - UdpRayHitTest", "Examples\UdpRayHitTest\7 - UdpRayHitTest.csproj", "{C2361A4F-D51E-41CA-95E6-01D8257BB86C}"
EndProject
Project("{2150E333-8FDC-42A3-9474-1A3956D46DE8}") = "Templates", "Templates", "{A6A66DE5-305D-4CB4-9CA7-1A08921B335D}"
	ProjectSection(SolutionItems) = preProject
		Templates\ObjectDetectionMain.cs = Templates\ObjectDetectionMain.cs
		Templates\ObjectDetectionMasterMain.cs = Templates\ObjectDetectionMasterMain.cs
	EndProjectSection
EndProject
Project("{FAE04EC0-301F-11D3-BF4B-00C04F79EFBC}") = "8 - SimpleObjectDetection", "Examples\SimpleObjectDetection\8 - SimpleObjectDetection.csproj", "{D43571FF-0EB5-461B-B3C5-9C6399F41FFE}"
EndProject
Project("{2150E333-8FDC-42A3-9474-1A3956D46DE8}") = "Scenarios", "Scenarios", "{9B1AF265-40E3-4DCC-B09F-56A967857337}"
	ProjectSection(SolutionItems) = preProject
		Scenarios\ObjectDetectionMain.cs = Scenarios\ObjectDetectionMain.cs
	EndProjectSection
EndProject
Project("{FAE04EC0-301F-11D3-BF4B-00C04F79EFBC}") = "1 - SimpleNAT", "Projects\1 - SimpleNAT\1 - SimpleNAT.csproj", "{79CADF19-74EC-47CC-B039-7CF4E8899C8F}"
EndProject
Project("{2150E333-8FDC-42A3-9474-1A3956D46DE8}") = "Projects", "Projects", "{4E3BADEC-C0C6-469F-BBF4-3A1107B1F292}"
EndProject
Project("{2150E333-8FDC-42A3-9474-1A3956D46DE8}") = "Examples", "Examples", "{E01DB8B2-B350-4402-BF89-8BBD0C05C0AF}"
EndProject
Project("{FAE04EC0-301F-11D3-BF4B-00C04F79EFBC}") = "NatWithOnto", "Projects\NatWithOnto\NatWithOnto.csproj", "{FC931F02-DF3B-4B32-8FB9-FBDBD2F7AA6F}"
EndProject
Global
	GlobalSection(SolutionConfigurationPlatforms) = preSolution
		Debug|ARM = Debug|ARM
		Debug|ARM64 = Debug|ARM64
		Debug|x64 = Debug|x64
		Debug|x86 = Debug|x86
		Release|ARM = Release|ARM
		Release|ARM64 = Release|ARM64
		Release|x64 = Release|x64
		Release|x86 = Release|x86
	EndGlobalSection
	GlobalSection(ProjectConfigurationPlatforms) = postSolution
		{344FE3EA-0019-4C53-BB7C-077DCCB4DA8A}.Debug|ARM.ActiveCfg = Debug|ARM
		{344FE3EA-0019-4C53-BB7C-077DCCB4DA8A}.Debug|ARM.Build.0 = Debug|ARM
		{344FE3EA-0019-4C53-BB7C-077DCCB4DA8A}.Debug|ARM.Deploy.0 = Debug|ARM
		{344FE3EA-0019-4C53-BB7C-077DCCB4DA8A}.Debug|ARM64.ActiveCfg = Debug|ARM64
		{344FE3EA-0019-4C53-BB7C-077DCCB4DA8A}.Debug|ARM64.Build.0 = Debug|ARM64
		{344FE3EA-0019-4C53-BB7C-077DCCB4DA8A}.Debug|ARM64.Deploy.0 = Debug|ARM64
		{344FE3EA-0019-4C53-BB7C-077DCCB4DA8A}.Debug|x64.ActiveCfg = Debug|x64
		{344FE3EA-0019-4C53-BB7C-077DCCB4DA8A}.Debug|x64.Build.0 = Debug|x64
		{344FE3EA-0019-4C53-BB7C-077DCCB4DA8A}.Debug|x64.Deploy.0 = Debug|x64
		{344FE3EA-0019-4C53-BB7C-077DCCB4DA8A}.Debug|x86.ActiveCfg = Debug|x86
		{344FE3EA-0019-4C53-BB7C-077DCCB4DA8A}.Debug|x86.Build.0 = Debug|x86
		{344FE3EA-0019-4C53-BB7C-077DCCB4DA8A}.Debug|x86.Deploy.0 = Debug|x86
		{344FE3EA-0019-4C53-BB7C-077DCCB4DA8A}.Release|ARM.ActiveCfg = Release|ARM
		{344FE3EA-0019-4C53-BB7C-077DCCB4DA8A}.Release|ARM.Build.0 = Release|ARM
		{344FE3EA-0019-4C53-BB7C-077DCCB4DA8A}.Release|ARM.Deploy.0 = Release|ARM
		{344FE3EA-0019-4C53-BB7C-077DCCB4DA8A}.Release|ARM64.ActiveCfg = Release|ARM64
		{344FE3EA-0019-4C53-BB7C-077DCCB4DA8A}.Release|ARM64.Build.0 = Release|ARM64
		{344FE3EA-0019-4C53-BB7C-077DCCB4DA8A}.Release|ARM64.Deploy.0 = Release|ARM64
		{344FE3EA-0019-4C53-BB7C-077DCCB4DA8A}.Release|x64.ActiveCfg = Release|x64
		{344FE3EA-0019-4C53-BB7C-077DCCB4DA8A}.Release|x64.Build.0 = Release|x64
		{344FE3EA-0019-4C53-BB7C-077DCCB4DA8A}.Release|x64.Deploy.0 = Release|x64
		{344FE3EA-0019-4C53-BB7C-077DCCB4DA8A}.Release|x86.ActiveCfg = Release|x86
		{344FE3EA-0019-4C53-BB7C-077DCCB4DA8A}.Release|x86.Build.0 = Release|x86
		{344FE3EA-0019-4C53-BB7C-077DCCB4DA8A}.Release|x86.Deploy.0 = Release|x86
		{546179A2-CC02-4351-898E-8EB2BC01BF6B}.Debug|ARM.ActiveCfg = Debug|ARM
		{546179A2-CC02-4351-898E-8EB2BC01BF6B}.Debug|ARM.Build.0 = Debug|ARM
		{546179A2-CC02-4351-898E-8EB2BC01BF6B}.Debug|ARM.Deploy.0 = Debug|ARM
		{546179A2-CC02-4351-898E-8EB2BC01BF6B}.Debug|ARM64.ActiveCfg = Debug|ARM64
		{546179A2-CC02-4351-898E-8EB2BC01BF6B}.Debug|ARM64.Build.0 = Debug|ARM64
		{546179A2-CC02-4351-898E-8EB2BC01BF6B}.Debug|ARM64.Deploy.0 = Debug|ARM64
		{546179A2-CC02-4351-898E-8EB2BC01BF6B}.Debug|x64.ActiveCfg = Debug|x64
		{546179A2-CC02-4351-898E-8EB2BC01BF6B}.Debug|x64.Build.0 = Debug|x64
		{546179A2-CC02-4351-898E-8EB2BC01BF6B}.Debug|x64.Deploy.0 = Debug|x64
		{546179A2-CC02-4351-898E-8EB2BC01BF6B}.Debug|x86.ActiveCfg = Debug|x86
		{546179A2-CC02-4351-898E-8EB2BC01BF6B}.Debug|x86.Build.0 = Debug|x86
		{546179A2-CC02-4351-898E-8EB2BC01BF6B}.Debug|x86.Deploy.0 = Debug|x86
		{546179A2-CC02-4351-898E-8EB2BC01BF6B}.Release|ARM.ActiveCfg = Release|ARM
		{546179A2-CC02-4351-898E-8EB2BC01BF6B}.Release|ARM.Build.0 = Release|ARM
		{546179A2-CC02-4351-898E-8EB2BC01BF6B}.Release|ARM.Deploy.0 = Release|ARM
		{546179A2-CC02-4351-898E-8EB2BC01BF6B}.Release|ARM64.ActiveCfg = Release|ARM64
		{546179A2-CC02-4351-898E-8EB2BC01BF6B}.Release|ARM64.Build.0 = Release|ARM64
		{546179A2-CC02-4351-898E-8EB2BC01BF6B}.Release|ARM64.Deploy.0 = Release|ARM64
		{546179A2-CC02-4351-898E-8EB2BC01BF6B}.Release|x64.ActiveCfg = Release|x64
		{546179A2-CC02-4351-898E-8EB2BC01BF6B}.Release|x64.Build.0 = Release|x64
		{546179A2-CC02-4351-898E-8EB2BC01BF6B}.Release|x64.Deploy.0 = Release|x64
		{546179A2-CC02-4351-898E-8EB2BC01BF6B}.Release|x86.ActiveCfg = Release|x86
		{546179A2-CC02-4351-898E-8EB2BC01BF6B}.Release|x86.Build.0 = Release|x86
		{546179A2-CC02-4351-898E-8EB2BC01BF6B}.Release|x86.Deploy.0 = Release|x86
		{D4A27B90-1B60-4290-A3D2-7EBED4C83785}.Debug|ARM.ActiveCfg = Debug|ARM
		{D4A27B90-1B60-4290-A3D2-7EBED4C83785}.Debug|ARM.Build.0 = Debug|ARM
		{D4A27B90-1B60-4290-A3D2-7EBED4C83785}.Debug|ARM.Deploy.0 = Debug|ARM
		{D4A27B90-1B60-4290-A3D2-7EBED4C83785}.Debug|ARM64.ActiveCfg = Debug|ARM64
		{D4A27B90-1B60-4290-A3D2-7EBED4C83785}.Debug|ARM64.Build.0 = Debug|ARM64
		{D4A27B90-1B60-4290-A3D2-7EBED4C83785}.Debug|ARM64.Deploy.0 = Debug|ARM64
		{D4A27B90-1B60-4290-A3D2-7EBED4C83785}.Debug|x64.ActiveCfg = Debug|x64
		{D4A27B90-1B60-4290-A3D2-7EBED4C83785}.Debug|x64.Build.0 = Debug|x64
		{D4A27B90-1B60-4290-A3D2-7EBED4C83785}.Debug|x64.Deploy.0 = Debug|x64
		{D4A27B90-1B60-4290-A3D2-7EBED4C83785}.Debug|x86.ActiveCfg = Debug|x86
		{D4A27B90-1B60-4290-A3D2-7EBED4C83785}.Debug|x86.Build.0 = Debug|x86
		{D4A27B90-1B60-4290-A3D2-7EBED4C83785}.Debug|x86.Deploy.0 = Debug|x86
		{D4A27B90-1B60-4290-A3D2-7EBED4C83785}.Release|ARM.ActiveCfg = Release|ARM
		{D4A27B90-1B60-4290-A3D2-7EBED4C83785}.Release|ARM.Build.0 = Release|ARM
		{D4A27B90-1B60-4290-A3D2-7EBED4C83785}.Release|ARM.Deploy.0 = Release|ARM
		{D4A27B90-1B60-4290-A3D2-7EBED4C83785}.Release|ARM64.ActiveCfg = Release|ARM64
		{D4A27B90-1B60-4290-A3D2-7EBED4C83785}.Release|ARM64.Build.0 = Release|ARM64
		{D4A27B90-1B60-4290-A3D2-7EBED4C83785}.Release|ARM64.Deploy.0 = Release|ARM64
		{D4A27B90-1B60-4290-A3D2-7EBED4C83785}.Release|x64.ActiveCfg = Release|x64
		{D4A27B90-1B60-4290-A3D2-7EBED4C83785}.Release|x64.Build.0 = Release|x64
		{D4A27B90-1B60-4290-A3D2-7EBED4C83785}.Release|x64.Deploy.0 = Release|x64
		{D4A27B90-1B60-4290-A3D2-7EBED4C83785}.Release|x86.ActiveCfg = Release|x86
		{D4A27B90-1B60-4290-A3D2-7EBED4C83785}.Release|x86.Build.0 = Release|x86
		{D4A27B90-1B60-4290-A3D2-7EBED4C83785}.Release|x86.Deploy.0 = Release|x86
		{A582AAE4-B54B-4F8F-B6FB-9CB03B0295A0}.Debug|ARM.ActiveCfg = Debug|ARM
		{A582AAE4-B54B-4F8F-B6FB-9CB03B0295A0}.Debug|ARM.Build.0 = Debug|ARM
		{A582AAE4-B54B-4F8F-B6FB-9CB03B0295A0}.Debug|ARM.Deploy.0 = Debug|ARM
		{A582AAE4-B54B-4F8F-B6FB-9CB03B0295A0}.Debug|ARM64.ActiveCfg = Debug|ARM64
		{A582AAE4-B54B-4F8F-B6FB-9CB03B0295A0}.Debug|ARM64.Build.0 = Debug|ARM64
		{A582AAE4-B54B-4F8F-B6FB-9CB03B0295A0}.Debug|ARM64.Deploy.0 = Debug|ARM64
		{A582AAE4-B54B-4F8F-B6FB-9CB03B0295A0}.Debug|x64.ActiveCfg = Debug|x64
		{A582AAE4-B54B-4F8F-B6FB-9CB03B0295A0}.Debug|x64.Build.0 = Debug|x64
		{A582AAE4-B54B-4F8F-B6FB-9CB03B0295A0}.Debug|x64.Deploy.0 = Debug|x64
		{A582AAE4-B54B-4F8F-B6FB-9CB03B0295A0}.Debug|x86.ActiveCfg = Debug|x86
		{A582AAE4-B54B-4F8F-B6FB-9CB03B0295A0}.Debug|x86.Build.0 = Debug|x86
		{A582AAE4-B54B-4F8F-B6FB-9CB03B0295A0}.Debug|x86.Deploy.0 = Debug|x86
		{A582AAE4-B54B-4F8F-B6FB-9CB03B0295A0}.Release|ARM.ActiveCfg = Release|ARM
		{A582AAE4-B54B-4F8F-B6FB-9CB03B0295A0}.Release|ARM.Build.0 = Release|ARM
		{A582AAE4-B54B-4F8F-B6FB-9CB03B0295A0}.Release|ARM.Deploy.0 = Release|ARM
		{A582AAE4-B54B-4F8F-B6FB-9CB03B0295A0}.Release|ARM64.ActiveCfg = Release|ARM64
		{A582AAE4-B54B-4F8F-B6FB-9CB03B0295A0}.Release|ARM64.Build.0 = Release|ARM64
		{A582AAE4-B54B-4F8F-B6FB-9CB03B0295A0}.Release|ARM64.Deploy.0 = Release|ARM64
		{A582AAE4-B54B-4F8F-B6FB-9CB03B0295A0}.Release|x64.ActiveCfg = Release|x64
		{A582AAE4-B54B-4F8F-B6FB-9CB03B0295A0}.Release|x64.Build.0 = Release|x64
		{A582AAE4-B54B-4F8F-B6FB-9CB03B0295A0}.Release|x64.Deploy.0 = Release|x64
		{A582AAE4-B54B-4F8F-B6FB-9CB03B0295A0}.Release|x86.ActiveCfg = Release|x86
		{A582AAE4-B54B-4F8F-B6FB-9CB03B0295A0}.Release|x86.Build.0 = Release|x86
		{A582AAE4-B54B-4F8F-B6FB-9CB03B0295A0}.Release|x86.Deploy.0 = Release|x86
		{6E936508-66A3-48A8-924F-236D50CF1FFB}.Debug|ARM.ActiveCfg = Debug|ARM
		{6E936508-66A3-48A8-924F-236D50CF1FFB}.Debug|ARM.Build.0 = Debug|ARM
		{6E936508-66A3-48A8-924F-236D50CF1FFB}.Debug|ARM.Deploy.0 = Debug|ARM
		{6E936508-66A3-48A8-924F-236D50CF1FFB}.Debug|ARM64.ActiveCfg = Debug|ARM64
		{6E936508-66A3-48A8-924F-236D50CF1FFB}.Debug|ARM64.Build.0 = Debug|ARM64
		{6E936508-66A3-48A8-924F-236D50CF1FFB}.Debug|ARM64.Deploy.0 = Debug|ARM64
		{6E936508-66A3-48A8-924F-236D50CF1FFB}.Debug|x64.ActiveCfg = Debug|x64
		{6E936508-66A3-48A8-924F-236D50CF1FFB}.Debug|x64.Build.0 = Debug|x64
		{6E936508-66A3-48A8-924F-236D50CF1FFB}.Debug|x64.Deploy.0 = Debug|x64
		{6E936508-66A3-48A8-924F-236D50CF1FFB}.Debug|x86.ActiveCfg = Debug|x86
		{6E936508-66A3-48A8-924F-236D50CF1FFB}.Debug|x86.Build.0 = Debug|x86
		{6E936508-66A3-48A8-924F-236D50CF1FFB}.Debug|x86.Deploy.0 = Debug|x86
		{6E936508-66A3-48A8-924F-236D50CF1FFB}.Release|ARM.ActiveCfg = Release|ARM
		{6E936508-66A3-48A8-924F-236D50CF1FFB}.Release|ARM.Build.0 = Release|ARM
		{6E936508-66A3-48A8-924F-236D50CF1FFB}.Release|ARM.Deploy.0 = Release|ARM
		{6E936508-66A3-48A8-924F-236D50CF1FFB}.Release|ARM64.ActiveCfg = Release|ARM64
		{6E936508-66A3-48A8-924F-236D50CF1FFB}.Release|ARM64.Build.0 = Release|ARM64
		{6E936508-66A3-48A8-924F-236D50CF1FFB}.Release|ARM64.Deploy.0 = Release|ARM64
		{6E936508-66A3-48A8-924F-236D50CF1FFB}.Release|x64.ActiveCfg = Release|x64
		{6E936508-66A3-48A8-924F-236D50CF1FFB}.Release|x64.Build.0 = Release|x64
		{6E936508-66A3-48A8-924F-236D50CF1FFB}.Release|x64.Deploy.0 = Release|x64
		{6E936508-66A3-48A8-924F-236D50CF1FFB}.Release|x86.ActiveCfg = Release|x86
		{6E936508-66A3-48A8-924F-236D50CF1FFB}.Release|x86.Build.0 = Release|x86
		{6E936508-66A3-48A8-924F-236D50CF1FFB}.Release|x86.Deploy.0 = Release|x86
		{C4F1C87F-9D46-4192-9388-A4365F01F457}.Debug|ARM.ActiveCfg = Debug|x86
		{C4F1C87F-9D46-4192-9388-A4365F01F457}.Debug|ARM64.ActiveCfg = Debug|x86
		{C4F1C87F-9D46-4192-9388-A4365F01F457}.Debug|x64.ActiveCfg = Debug|x64
		{C4F1C87F-9D46-4192-9388-A4365F01F457}.Debug|x64.Build.0 = Debug|x64
		{C4F1C87F-9D46-4192-9388-A4365F01F457}.Debug|x64.Deploy.0 = Debug|x64
		{C4F1C87F-9D46-4192-9388-A4365F01F457}.Debug|x86.ActiveCfg = Debug|x86
		{C4F1C87F-9D46-4192-9388-A4365F01F457}.Debug|x86.Build.0 = Debug|x86
		{C4F1C87F-9D46-4192-9388-A4365F01F457}.Debug|x86.Deploy.0 = Debug|x86
		{C4F1C87F-9D46-4192-9388-A4365F01F457}.Release|ARM.ActiveCfg = Release|x86
		{C4F1C87F-9D46-4192-9388-A4365F01F457}.Release|ARM64.ActiveCfg = Release|x86
		{C4F1C87F-9D46-4192-9388-A4365F01F457}.Release|x64.ActiveCfg = Release|x64
		{C4F1C87F-9D46-4192-9388-A4365F01F457}.Release|x64.Build.0 = Release|x64
		{C4F1C87F-9D46-4192-9388-A4365F01F457}.Release|x64.Deploy.0 = Release|x64
		{C4F1C87F-9D46-4192-9388-A4365F01F457}.Release|x86.ActiveCfg = Release|x86
		{C4F1C87F-9D46-4192-9388-A4365F01F457}.Release|x86.Build.0 = Release|x86
		{C4F1C87F-9D46-4192-9388-A4365F01F457}.Release|x86.Deploy.0 = Release|x86
		{F392F1D2-97F7-4858-8C27-08DDF6C652FD}.Debug|ARM.ActiveCfg = Debug|x86
		{F392F1D2-97F7-4858-8C27-08DDF6C652FD}.Debug|ARM64.ActiveCfg = Debug|x86
		{F392F1D2-97F7-4858-8C27-08DDF6C652FD}.Debug|x64.ActiveCfg = Debug|x64
		{F392F1D2-97F7-4858-8C27-08DDF6C652FD}.Debug|x64.Build.0 = Debug|x64
		{F392F1D2-97F7-4858-8C27-08DDF6C652FD}.Debug|x64.Deploy.0 = Debug|x64
		{F392F1D2-97F7-4858-8C27-08DDF6C652FD}.Debug|x86.ActiveCfg = Debug|x86
		{F392F1D2-97F7-4858-8C27-08DDF6C652FD}.Debug|x86.Build.0 = Debug|x86
		{F392F1D2-97F7-4858-8C27-08DDF6C652FD}.Debug|x86.Deploy.0 = Debug|x86
		{F392F1D2-97F7-4858-8C27-08DDF6C652FD}.Release|ARM.ActiveCfg = Release|x86
		{F392F1D2-97F7-4858-8C27-08DDF6C652FD}.Release|ARM64.ActiveCfg = Release|x86
		{F392F1D2-97F7-4858-8C27-08DDF6C652FD}.Release|x64.ActiveCfg = Release|x64
		{F392F1D2-97F7-4858-8C27-08DDF6C652FD}.Release|x64.Build.0 = Release|x64
		{F392F1D2-97F7-4858-8C27-08DDF6C652FD}.Release|x64.Deploy.0 = Release|x64
		{F392F1D2-97F7-4858-8C27-08DDF6C652FD}.Release|x86.ActiveCfg = Release|x86
		{F392F1D2-97F7-4858-8C27-08DDF6C652FD}.Release|x86.Build.0 = Release|x86
		{F392F1D2-97F7-4858-8C27-08DDF6C652FD}.Release|x86.Deploy.0 = Release|x86
		{8EBCAEE8-174B-4368-A4FC-600D4F30DE58}.Debug|ARM.ActiveCfg = Debug|x86
		{8EBCAEE8-174B-4368-A4FC-600D4F30DE58}.Debug|ARM64.ActiveCfg = Debug|x86
		{8EBCAEE8-174B-4368-A4FC-600D4F30DE58}.Debug|x64.ActiveCfg = Debug|x64
		{8EBCAEE8-174B-4368-A4FC-600D4F30DE58}.Debug|x64.Build.0 = Debug|x64
		{8EBCAEE8-174B-4368-A4FC-600D4F30DE58}.Debug|x64.Deploy.0 = Debug|x64
		{8EBCAEE8-174B-4368-A4FC-600D4F30DE58}.Debug|x86.ActiveCfg = Debug|x86
		{8EBCAEE8-174B-4368-A4FC-600D4F30DE58}.Debug|x86.Build.0 = Debug|x86
		{8EBCAEE8-174B-4368-A4FC-600D4F30DE58}.Debug|x86.Deploy.0 = Debug|x86
		{8EBCAEE8-174B-4368-A4FC-600D4F30DE58}.Release|ARM.ActiveCfg = Release|x86
		{8EBCAEE8-174B-4368-A4FC-600D4F30DE58}.Release|ARM64.ActiveCfg = Release|x86
		{8EBCAEE8-174B-4368-A4FC-600D4F30DE58}.Release|x64.ActiveCfg = Release|x64
		{8EBCAEE8-174B-4368-A4FC-600D4F30DE58}.Release|x64.Build.0 = Release|x64
		{8EBCAEE8-174B-4368-A4FC-600D4F30DE58}.Release|x64.Deploy.0 = Release|x64
		{8EBCAEE8-174B-4368-A4FC-600D4F30DE58}.Release|x86.ActiveCfg = Release|x86
		{8EBCAEE8-174B-4368-A4FC-600D4F30DE58}.Release|x86.Build.0 = Release|x86
		{8EBCAEE8-174B-4368-A4FC-600D4F30DE58}.Release|x86.Deploy.0 = Release|x86
		{12A289B6-E3B3-4D8F-9A07-BD23AD556E0F}.Debug|ARM.ActiveCfg = Debug|x86
		{12A289B6-E3B3-4D8F-9A07-BD23AD556E0F}.Debug|ARM64.ActiveCfg = Debug|x86
		{12A289B6-E3B3-4D8F-9A07-BD23AD556E0F}.Debug|x64.ActiveCfg = Debug|x64
		{12A289B6-E3B3-4D8F-9A07-BD23AD556E0F}.Debug|x64.Build.0 = Debug|x64
		{12A289B6-E3B3-4D8F-9A07-BD23AD556E0F}.Debug|x64.Deploy.0 = Debug|x64
		{12A289B6-E3B3-4D8F-9A07-BD23AD556E0F}.Debug|x86.ActiveCfg = Debug|x86
		{12A289B6-E3B3-4D8F-9A07-BD23AD556E0F}.Debug|x86.Build.0 = Debug|x86
		{12A289B6-E3B3-4D8F-9A07-BD23AD556E0F}.Debug|x86.Deploy.0 = Debug|x86
		{12A289B6-E3B3-4D8F-9A07-BD23AD556E0F}.Release|ARM.ActiveCfg = Release|x86
		{12A289B6-E3B3-4D8F-9A07-BD23AD556E0F}.Release|ARM64.ActiveCfg = Release|x86
		{12A289B6-E3B3-4D8F-9A07-BD23AD556E0F}.Release|x64.ActiveCfg = Release|x64
		{12A289B6-E3B3-4D8F-9A07-BD23AD556E0F}.Release|x64.Build.0 = Release|x64
		{12A289B6-E3B3-4D8F-9A07-BD23AD556E0F}.Release|x64.Deploy.0 = Release|x64
		{12A289B6-E3B3-4D8F-9A07-BD23AD556E0F}.Release|x86.ActiveCfg = Release|x86
		{12A289B6-E3B3-4D8F-9A07-BD23AD556E0F}.Release|x86.Build.0 = Release|x86
		{12A289B6-E3B3-4D8F-9A07-BD23AD556E0F}.Release|x86.Deploy.0 = Release|x86
		{C2361A4F-D51E-41CA-95E6-01D8257BB86C}.Debug|ARM.ActiveCfg = Debug|x86
		{C2361A4F-D51E-41CA-95E6-01D8257BB86C}.Debug|ARM64.ActiveCfg = Debug|x86
		{C2361A4F-D51E-41CA-95E6-01D8257BB86C}.Debug|x64.ActiveCfg = Debug|x64
		{C2361A4F-D51E-41CA-95E6-01D8257BB86C}.Debug|x64.Build.0 = Debug|x64
		{C2361A4F-D51E-41CA-95E6-01D8257BB86C}.Debug|x64.Deploy.0 = Debug|x64
		{C2361A4F-D51E-41CA-95E6-01D8257BB86C}.Debug|x86.ActiveCfg = Debug|x86
		{C2361A4F-D51E-41CA-95E6-01D8257BB86C}.Debug|x86.Build.0 = Debug|x86
		{C2361A4F-D51E-41CA-95E6-01D8257BB86C}.Debug|x86.Deploy.0 = Debug|x86
		{C2361A4F-D51E-41CA-95E6-01D8257BB86C}.Release|ARM.ActiveCfg = Release|x86
		{C2361A4F-D51E-41CA-95E6-01D8257BB86C}.Release|ARM64.ActiveCfg = Release|x86
		{C2361A4F-D51E-41CA-95E6-01D8257BB86C}.Release|x64.ActiveCfg = Release|x64
		{C2361A4F-D51E-41CA-95E6-01D8257BB86C}.Release|x64.Build.0 = Release|x64
		{C2361A4F-D51E-41CA-95E6-01D8257BB86C}.Release|x64.Deploy.0 = Release|x64
		{C2361A4F-D51E-41CA-95E6-01D8257BB86C}.Release|x86.ActiveCfg = Release|x86
		{C2361A4F-D51E-41CA-95E6-01D8257BB86C}.Release|x86.Build.0 = Release|x86
		{C2361A4F-D51E-41CA-95E6-01D8257BB86C}.Release|x86.Deploy.0 = Release|x86
		{D43571FF-0EB5-461B-B3C5-9C6399F41FFE}.Debug|ARM.ActiveCfg = Debug|x86
		{D43571FF-0EB5-461B-B3C5-9C6399F41FFE}.Debug|ARM64.ActiveCfg = Debug|x86
		{D43571FF-0EB5-461B-B3C5-9C6399F41FFE}.Debug|x64.ActiveCfg = Debug|x64
		{D43571FF-0EB5-461B-B3C5-9C6399F41FFE}.Debug|x64.Build.0 = Debug|x64
		{D43571FF-0EB5-461B-B3C5-9C6399F41FFE}.Debug|x64.Deploy.0 = Debug|x64
		{D43571FF-0EB5-461B-B3C5-9C6399F41FFE}.Debug|x86.ActiveCfg = Debug|x86
		{D43571FF-0EB5-461B-B3C5-9C6399F41FFE}.Debug|x86.Build.0 = Debug|x86
		{D43571FF-0EB5-461B-B3C5-9C6399F41FFE}.Debug|x86.Deploy.0 = Debug|x86
		{D43571FF-0EB5-461B-B3C5-9C6399F41FFE}.Release|ARM.ActiveCfg = Release|x86
		{D43571FF-0EB5-461B-B3C5-9C6399F41FFE}.Release|ARM64.ActiveCfg = Release|x86
		{D43571FF-0EB5-461B-B3C5-9C6399F41FFE}.Release|x64.ActiveCfg = Release|x64
		{D43571FF-0EB5-461B-B3C5-9C6399F41FFE}.Release|x64.Build.0 = Release|x64
		{D43571FF-0EB5-461B-B3C5-9C6399F41FFE}.Release|x64.Deploy.0 = Release|x64
		{D43571FF-0EB5-461B-B3C5-9C6399F41FFE}.Release|x86.ActiveCfg = Release|x86
		{D43571FF-0EB5-461B-B3C5-9C6399F41FFE}.Release|x86.Build.0 = Release|x86
		{D43571FF-0EB5-461B-B3C5-9C6399F41FFE}.Release|x86.Deploy.0 = Release|x86
		{79CADF19-74EC-47CC-B039-7CF4E8899C8F}.Debug|ARM.ActiveCfg = Debug|x86
		{79CADF19-74EC-47CC-B039-7CF4E8899C8F}.Debug|ARM64.ActiveCfg = Debug|x86
		{79CADF19-74EC-47CC-B039-7CF4E8899C8F}.Debug|x64.ActiveCfg = Debug|x64
		{79CADF19-74EC-47CC-B039-7CF4E8899C8F}.Debug|x64.Build.0 = Debug|x64
		{79CADF19-74EC-47CC-B039-7CF4E8899C8F}.Debug|x64.Deploy.0 = Debug|x64
		{79CADF19-74EC-47CC-B039-7CF4E8899C8F}.Debug|x86.ActiveCfg = Debug|x86
		{79CADF19-74EC-47CC-B039-7CF4E8899C8F}.Debug|x86.Build.0 = Debug|x86
		{79CADF19-74EC-47CC-B039-7CF4E8899C8F}.Debug|x86.Deploy.0 = Debug|x86
		{79CADF19-74EC-47CC-B039-7CF4E8899C8F}.Release|ARM.ActiveCfg = Release|x86
		{79CADF19-74EC-47CC-B039-7CF4E8899C8F}.Release|ARM64.ActiveCfg = Release|x86
		{79CADF19-74EC-47CC-B039-7CF4E8899C8F}.Release|x64.ActiveCfg = Release|x64
		{79CADF19-74EC-47CC-B039-7CF4E8899C8F}.Release|x64.Build.0 = Release|x64
		{79CADF19-74EC-47CC-B039-7CF4E8899C8F}.Release|x64.Deploy.0 = Release|x64
		{79CADF19-74EC-47CC-B039-7CF4E8899C8F}.Release|x86.ActiveCfg = Release|x86
		{79CADF19-74EC-47CC-B039-7CF4E8899C8F}.Release|x86.Build.0 = Release|x86
		{79CADF19-74EC-47CC-B039-7CF4E8899C8F}.Release|x86.Deploy.0 = Release|x86
		{FC931F02-DF3B-4B32-8FB9-FBDBD2F7AA6F}.Debug|ARM.ActiveCfg = Debug|ARM
		{FC931F02-DF3B-4B32-8FB9-FBDBD2F7AA6F}.Debug|ARM.Build.0 = Debug|ARM
		{FC931F02-DF3B-4B32-8FB9-FBDBD2F7AA6F}.Debug|ARM.Deploy.0 = Debug|ARM
		{FC931F02-DF3B-4B32-8FB9-FBDBD2F7AA6F}.Debug|ARM64.ActiveCfg = Debug|ARM64
		{FC931F02-DF3B-4B32-8FB9-FBDBD2F7AA6F}.Debug|ARM64.Build.0 = Debug|ARM64
		{FC931F02-DF3B-4B32-8FB9-FBDBD2F7AA6F}.Debug|ARM64.Deploy.0 = Debug|ARM64
		{FC931F02-DF3B-4B32-8FB9-FBDBD2F7AA6F}.Debug|x64.ActiveCfg = Debug|x64
		{FC931F02-DF3B-4B32-8FB9-FBDBD2F7AA6F}.Debug|x64.Build.0 = Debug|x64
		{FC931F02-DF3B-4B32-8FB9-FBDBD2F7AA6F}.Debug|x64.Deploy.0 = Debug|x64
		{FC931F02-DF3B-4B32-8FB9-FBDBD2F7AA6F}.Debug|x86.ActiveCfg = Debug|x86
		{FC931F02-DF3B-4B32-8FB9-FBDBD2F7AA6F}.Debug|x86.Build.0 = Debug|x86
		{FC931F02-DF3B-4B32-8FB9-FBDBD2F7AA6F}.Debug|x86.Deploy.0 = Debug|x86
		{FC931F02-DF3B-4B32-8FB9-FBDBD2F7AA6F}.Release|ARM.ActiveCfg = Release|ARM
		{FC931F02-DF3B-4B32-8FB9-FBDBD2F7AA6F}.Release|ARM.Build.0 = Release|ARM
		{FC931F02-DF3B-4B32-8FB9-FBDBD2F7AA6F}.Release|ARM.Deploy.0 = Release|ARM
		{FC931F02-DF3B-4B32-8FB9-FBDBD2F7AA6F}.Release|ARM64.ActiveCfg = Release|ARM64
		{FC931F02-DF3B-4B32-8FB9-FBDBD2F7AA6F}.Release|ARM64.Build.0 = Release|ARM64
		{FC931F02-DF3B-4B32-8FB9-FBDBD2F7AA6F}.Release|ARM64.Deploy.0 = Release|ARM64
		{FC931F02-DF3B-4B32-8FB9-FBDBD2F7AA6F}.Release|x64.ActiveCfg = Release|x64
		{FC931F02-DF3B-4B32-8FB9-FBDBD2F7AA6F}.Release|x64.Build.0 = Release|x64
		{FC931F02-DF3B-4B32-8FB9-FBDBD2F7AA6F}.Release|x64.Deploy.0 = Release|x64
		{FC931F02-DF3B-4B32-8FB9-FBDBD2F7AA6F}.Release|x86.ActiveCfg = Release|x86
		{FC931F02-DF3B-4B32-8FB9-FBDBD2F7AA6F}.Release|x86.Build.0 = Release|x86
		{FC931F02-DF3B-4B32-8FB9-FBDBD2F7AA6F}.Release|x86.Deploy.0 = Release|x86
	EndGlobalSection
	GlobalSection(SolutionProperties) = preSolution
		HideSolutionNode = FALSE
	EndGlobalSection
	GlobalSection(NestedProjects) = preSolution
		{344FE3EA-0019-4C53-BB7C-077DCCB4DA8A} = {E01DB8B2-B350-4402-BF89-8BBD0C05C0AF}
		{546179A2-CC02-4351-898E-8EB2BC01BF6B} = {E01DB8B2-B350-4402-BF89-8BBD0C05C0AF}
		{D4A27B90-1B60-4290-A3D2-7EBED4C83785} = {E01DB8B2-B350-4402-BF89-8BBD0C05C0AF}
		{A582AAE4-B54B-4F8F-B6FB-9CB03B0295A0} = {E01DB8B2-B350-4402-BF89-8BBD0C05C0AF}
		{6E936508-66A3-48A8-924F-236D50CF1FFB} = {E01DB8B2-B350-4402-BF89-8BBD0C05C0AF}
		{C4F1C87F-9D46-4192-9388-A4365F01F457} = {E01DB8B2-B350-4402-BF89-8BBD0C05C0AF}
		{F392F1D2-97F7-4858-8C27-08DDF6C652FD} = {E01DB8B2-B350-4402-BF89-8BBD0C05C0AF}
		{8EBCAEE8-174B-4368-A4FC-600D4F30DE58} = {E01DB8B2-B350-4402-BF89-8BBD0C05C0AF}
		{12A289B6-E3B3-4D8F-9A07-BD23AD556E0F} = {E01DB8B2-B350-4402-BF89-8BBD0C05C0AF}
		{C2361A4F-D51E-41CA-95E6-01D8257BB86C} = {E01DB8B2-B350-4402-BF89-8BBD0C05C0AF}
		{D43571FF-0EB5-461B-B3C5-9C6399F41FFE} = {E01DB8B2-B350-4402-BF89-8BBD0C05C0AF}
		{79CADF19-74EC-47CC-B039-7CF4E8899C8F} = {4E3BADEC-C0C6-469F-BBF4-3A1107B1F292}
		{FC931F02-DF3B-4B32-8FB9-FBDBD2F7AA6F} = {4E3BADEC-C0C6-469F-BBF4-3A1107B1F292}
	EndGlobalSection
	GlobalSection(ExtensibilityGlobals) = postSolution
		SolutionGuid = {0027049A-F059-4C12-A8DE-FB50BF26DD5F}
	EndGlobalSection
EndGlobal
